
Microsoft Visual Studio Solution File, Format Version 12.00
# Visual Studio Version 17
VisualStudioVersion = 17.14.37328.6 d17.14
MinimumVisualStudioVersion = 10.0.40219.1
Project("{FAE04EC0-301F-11D3-BF4B-00C04F79EFBC}") = "TemporalOverhaul", "TemporalOverhaul\TemporalOverhaul.csproj", "{B8D97B02-7CDA-49CA-81BD-117DA59F2E33}"
EndProject
Project("{FAE04EC0-301F-11D3-BF4B-00C04F79EFBC}") = "CakeBuild", "ZZCakeBuild\CakeBuild.csproj", "{5C585F9C-412B-464D-8C30-D0A0E2FEDCB4}"
EndProject
Global
	GlobalSection(SolutionConfigurationPlatforms) = preSolution
		Debug|Any CPU = Debug|Any CPU
		Release|Any CPU = Release|Any CPU
	EndGlobalSection
	GlobalSection(ProjectConfigurationPlatforms) = postSolution
		{B8D97B02-7CDA-49CA-81BD-117DA59F2E33}.Debug|Any CPU.ActiveCfg = Debug|Any CPU
		{B8D97B02-7CDA-49CA-81BD-117DA59F2E33}.Debug|Any CPU.Build.0 = Debug|Any CPU
		{B8D97B02-7CDA-49CA-81BD-117DA59F2E33}.Release|Any CPU.ActiveCfg = Release|Any CPU
		{B8D97B02-7CDA-49CA-81BD-117DA59F2E33}.Release|Any CPU.Build.0 = Release|Any CPU
		{5C585F9C-412B-464D-8C30-D0A0E2FEDCB4}.Debug|Any CPU.ActiveCfg = Debug|Any CPU
		{5C585F9C-412B-464D-8C30-D0A0E2FEDCB4}.Debug|Any CPU.Build.0 = Debug|Any CPU
		{5C585F9C-412B-464D-8C30-D0A0E2FEDCB4}.Release|Any CPU.ActiveCfg = Release|Any CPU
		{5C585F9C-412B-464D-8C30-D0A0E2FEDCB4}.Release|Any CPU.Build.0 = Release|Any CPU
	EndGlobalSection
	GlobalSection(SolutionProperties) = preSolution
		HideSolutionNode = FALSE
	EndGlobalSection
	GlobalSection(ExtensibilityGlobals) = postSolution
		SolutionGuid = {E4F85D4B-923F-4C48-868E-CC6EADA51B49}
	EndGlobalSection
EndGlobal
